
Microsoft Visual Studio Solution File, Format Version 11.00
# Visual Studio 2010
Project("{FAE04EC0-301F-11D3-BF4B-00C04F79EFBC}") = "Contrillo", "FileButton\Contrillo.csproj", "{0B2A9124-ED83-4D13-9185-813BE017B83F}"
EndProject
Project("{2150E333-8FDC-42A3-9474-1A3956D46DE8}") = "Solution Items", "Solution Items", "{7A4907EA-CB0B-47E5-9F98-57FBF74988A1}"
	ProjectSection(SolutionItems) = preProject
		..\..\..\..\..\SkyDrive\Pictures\Graphics\C.ico = ..\..\..\..\..\SkyDrive\Pictures\Graphics\C.ico
		Icon1.ico = Icon1.ico
	EndProjectSection
EndProject
Global
	GlobalSection(SolutionConfigurationPlatforms) = preSolution
		Debug|x86 = Debug|x86
		Release|x86 = Release|x86
	EndGlobalSection
	GlobalSection(ProjectConfigurationPlatforms) = postSolution
		{0B2A9124-ED83-4D13-9185-813BE017B83F}.Debug|x86.ActiveCfg = Debug|x86
		{0B2A9124-ED83-4D13-9185-813BE017B83F}.Debug|x86.Build.0 = Debug|x86
		{0B2A9124-ED83-4D13-9185-813BE017B83F}.Release|x86.ActiveCfg = Release|x86
		{0B2A9124-ED83-4D13-9185-813BE017B83F}.Release|x86.Build.0 = Release|x86
	EndGlobalSection
	GlobalSection(SolutionProperties) = preSolution
		HideSolutionNode = FALSE
	EndGlobalSection
EndGlobal
